
Microsoft Visual Studio Solution File, Format Version 12.00
# Visual Studio 15
VisualStudioVersion = 15.0.28307.2017
MinimumVisualStudioVersion = 10.0.40219.1
Project("{FAE04EC0-301F-11D3-BF4B-00C04F79EFBC}") = "Login UI", "Login UI\Login UI.csproj", "{11BAF736-2F71-4FA7-8BE8-8D20B014881F}"
EndProject
Global
	GlobalSection(SolutionConfigurationPlatforms) = preSolution
		Debug|Any CPU = Debug|Any CPU
		Release|Any CPU = Release|Any CPU
	EndGlobalSection
	GlobalSection(ProjectConfigurationPlatforms) = postSolution
		{11BAF736-2F71-4FA7-8BE8-8D20B014881F}.Debug|Any CPU.ActiveCfg = Debug|Any CPU
		{11BAF736-2F71-4FA7-8BE8-8D20B014881F}.Debug|Any CPU.Build.0 = Debug|Any CPU
		{11BAF736-2F71-4FA7-8BE8-8D20B014881F}.Release|Any CPU.ActiveCfg = Release|Any CPU
		{11BAF736-2F71-4FA7-8BE8-8D20B014881F}.Release|Any CPU.Build.0 = Release|Any CPU
	EndGlobalSection
	GlobalSection(SolutionProperties) = preSolution
		HideSolutionNode = FALSE
	EndGlobalSection
	GlobalSection(ExtensibilityGlobals) = postSolution
		SolutionGuid = {CBB7268B-AB37-42CE-8EAA-4D292BF0B28F}
	EndGlobalSection
EndGlobal
